// !$*UTF8*$!
{
	archiveVersion = 1;
	classes = {
	};
	objectVersion = 48;
	objects = {

/* Begin PBXBuildFile section */
		8ABC152F1F36CD35CCE1C7FB /* Pods_ShakeShakeApp.framework in Frameworks */ = {isa = PBXBuildFile; fileRef = C5B8DA87D8EDB7664C5A2879 /* Pods_ShakeShakeApp.framework */; };
		9A2C0CA32017FBB900E45DF4 /* Results.swift in Sources */ = {isa = PBXBuildFile; fileRef = 9A2C0CA22017FBB900E45DF4 /* Results.swift */; };
		9A36D15C201E6F4A0002E0E7 /* Settings.swift in Sources */ = {isa = PBXBuildFile; fileRef = 9A36D15B201E6F4A0002E0E7 /* Settings.swift */; };
		9A37E0B12001B63B0079287F /* AppDelegate.swift in Sources */ = {isa = PBXBuildFile; fileRef = 9A37E0B02001B63B0079287F /* AppDelegate.swift */; };
		9A37E0B62001B63B0079287F /* Main.storyboard in Resources */ = {isa = PBXBuildFile; fileRef = 9A37E0B42001B63B0079287F /* Main.storyboard */; };
		9A37E0B82001B63B0079287F /* Assets.xcassets in Resources */ = {isa = PBXBuildFile; fileRef = 9A37E0B72001B63B0079287F /* Assets.xcassets */; };
		9A37E0BB2001B63B0079287F /* LaunchScreen.storyboard in Resources */ = {isa = PBXBuildFile; fileRef = 9A37E0B92001B63B0079287F /* LaunchScreen.storyboard */; };
		9A3EC8EC201FF1CC00D4ED19 /* Player.swift in Sources */ = {isa = PBXBuildFile; fileRef = 9A3EC8EB201FF1CC00D4ED19 /* Player.swift */; };
		9A6537D12010032E002C68F2 /* GameScreen.swift in Sources */ = {isa = PBXBuildFile; fileRef = 9A6537D02010032E002C68F2 /* GameScreen.swift */; };
		9A6D5AE420043B2600617AE6 /* RegisterNewPlayer.swift in Sources */ = {isa = PBXBuildFile; fileRef = 9A6D5AE320043B2600617AE6 /* RegisterNewPlayer.swift */; };
		9AF3A3CD200D74F3001A03B9 /* GoogleService-Info.plist in Resources */ = {isa = PBXBuildFile; fileRef = 9AF3A3CC200D74F3001A03B9 /* GoogleService-Info.plist */; };
		9AF3A3CF200D8419001A03B9 /* MainMenu.swift in Sources */ = {isa = PBXBuildFile; fileRef = 9AF3A3CE200D8419001A03B9 /* MainMenu.swift */; };
/* End PBXBuildFile section */

/* Begin PBXFileReference section */
		6C7715463A2B780889421BA2 /* Pods-ShakeShakeApp.debug.xcconfig */ = {isa = PBXFileReference; includeInIndex = 1; lastKnownFileType = text.xcconfig; name = "Pods-ShakeShakeApp.debug.xcconfig"; path = "Pods/Target Support Files/Pods-ShakeShakeApp/Pods-ShakeShakeApp.debug.xcconfig"; sourceTree = "<group>"; };
		9A2C0CA22017FBB900E45DF4 /* Results.swift */ = {isa = PBXFileReference; lastKnownFileType = sourcecode.swift; path = Results.swift; sourceTree = "<group>"; };
		9A36D15B201E6F4A0002E0E7 /* Settings.swift */ = {isa = PBXFileReference; lastKnownFileType = sourcecode.swift; path = Settings.swift; sourceTree = "<group>"; };
		9A37E0AD2001B63B0079287F /* ShakeShakeApp.app */ = {isa = PBXFileReference; explicitFileType = wrapper.application; includeInIndex = 0; path = ShakeShakeApp.app; sourceTree = BUILT_PRODUCTS_DIR; };
		9A37E0B02001B63B0079287F /* AppDelegate.swift */ = {isa = PBXFileReference; lastKnownFileType = sourcecode.swift; path = AppDelegate.swift; sourceTree = "<group>"; };
		9A37E0B52001B63B0079287F /* Base */ = {isa = PBXFileReference; lastKnownFileType = file.storyboard; name = Base; path = Base.lproj/Main.storyboard; sourceTree = "<group>"; };
		9A37E0B72001B63B0079287F /* Assets.xcassets */ = {isa = PBXFileReference; lastKnownFileType = folder.assetcatalog; path = Assets.xcassets; sourceTree = "<group>"; };
		9A37E0BA2001B63B0079287F /* Base */ = {isa = PBXFileReference; lastKnownFileType = file.storyboard; name = Base; path = Base.lproj/LaunchScreen.storyboard; sourceTree = "<group>"; };
		9A37E0BC2001B63C0079287F /* Info.plist */ = {isa = PBXFileReference; lastKnownFileType = text.plist.xml; path = Info.plist; sourceTree = "<group>"; };
		9A3EC8EB201FF1CC00D4ED19 /* Player.swift */ = {isa = PBXFileReference; lastKnownFileType = sourcecode.swift; path = Player.swift; sourceTree = "<group>"; };
		9A6537D02010032E002C68F2 /* GameScreen.swift */ = {isa = PBXFileReference; lastKnownFileType = sourcecode.swift; path = GameScreen.swift; sourceTree = "<group>"; };
		9A6D5AE320043B2600617AE6 /* RegisterNewPlayer.swift */ = {isa = PBXFileReference; lastKnownFileType = sourcecode.swift; path = RegisterNewPlayer.swift; sourceTree = "<group>"; };
		9AF3A3CC200D74F3001A03B9 /* GoogleService-Info.plist */ = {isa = PBXFileReference; fileEncoding = 4; lastKnownFileType = text.plist.xml; name = "GoogleService-Info.plist"; path = "../../../GoogleService-Info.plist"; sourceTree = "<group>"; };
		9AF3A3CE200D8419001A03B9 /* MainMenu.swift */ = {isa = PBXFileReference; lastKnownFileType = sourcecode.swift; path = MainMenu.swift; sourceTree = "<group>"; };
		C5B8DA87D8EDB7664C5A2879 /* Pods_ShakeShakeApp.framework */ = {isa = PBXFileReference; explicitFileType = wrapper.framework; includeInIndex = 0; path = Pods_ShakeShakeApp.framework; sourceTree = BUILT_PRODUCTS_DIR; };
		DD07DFEFA4E1CFDD4B886CF8 /* Pods-ShakeShakeApp.release.xcconfig */ = {isa = PBXFileReference; includeInIndex = 1; lastKnownFileType = text.xcconfig; name = "Pods-ShakeShakeApp.release.xcconfig"; path = "Pods/Target Support Files/Pods-ShakeShakeApp/Pods-ShakeShakeApp.release.xcconfig"; sourceTree = "<group>"; };
/* End PBXFileReference section */

/* Begin PBXFrameworksBuildPhase section */
		9A37E0AA2001B63B0079287F /* Frameworks */ = {
			isa = PBXFrameworksBuildPhase;
			buildActionMask = 2147483647;
			files = (
				8ABC152F1F36CD35CCE1C7FB /* Pods_ShakeShakeApp.framework in Frameworks */,
			);
			runOnlyForDeploymentPostprocessing = 0;
		};
/* End PBXFrameworksBuildPhase section */

/* Begin PBXGroup section */
		624CD31C2F02EDAB4EC8A7B4 /* Frameworks */ = {
			isa = PBXGroup;
			children = (
				C5B8DA87D8EDB7664C5A2879 /* Pods_ShakeShakeApp.framework */,
			);
			name = Frameworks;
			sourceTree = "<group>";
		};
		831E7DDC8BE32AF261890AED /* Pods */ = {
			isa = PBXGroup;
			children = (
				6C7715463A2B780889421BA2 /* Pods-ShakeShakeApp.debug.xcconfig */,
				DD07DFEFA4E1CFDD4B886CF8 /* Pods-ShakeShakeApp.release.xcconfig */,
			);
			name = Pods;
			sourceTree = "<group>";
		};
		9A37E0A42001B63B0079287F = {
			isa = PBXGroup;
			children = (
				9A37E0AF2001B63B0079287F /* ShakeShakeApp */,
				9A37E0AE2001B63B0079287F /* Products */,
				831E7DDC8BE32AF261890AED /* Pods */,
				624CD31C2F02EDAB4EC8A7B4 /* Frameworks */,
			);
			sourceTree = "<group>";
		};
		9A37E0AE2001B63B0079287F /* Products */ = {
			isa = PBXGroup;
			children = (
				9A37E0AD2001B63B0079287F /* ShakeShakeApp.app */,
			);
			name = Products;
			sourceTree = "<group>";
		};
		9A37E0AF2001B63B0079287F /* ShakeShakeApp */ = {
			isa = PBXGroup;
			children = (
				9AF3A3CC200D74F3001A03B9 /* GoogleService-Info.plist */,
				9A37E0BC2001B63C0079287F /* Info.plist */,
				9A6D5AE2200437EC00617AE6 /* Supporting Files */,
				9A6D5AE1200437D300617AE6 /* Model */,
				9A6D5AE0200437CA00617AE6 /* View */,
				9A6D5ADB20042E3800617AE6 /* Controller */,
				9A37E0B02001B63B0079287F /* AppDelegate.swift */,
			);
			path = ShakeShakeApp;
			sourceTree = "<group>";
		};
		9A6537D320100C7D002C68F2 /* ViewController */ = {
			isa = PBXGroup;
			children = (
				9A6D5AE320043B2600617AE6 /* RegisterNewPlayer.swift */,
				9AF3A3CE200D8419001A03B9 /* MainMenu.swift */,
				9A6537D02010032E002C68F2 /* GameScreen.swift */,
				9A2C0CA22017FBB900E45DF4 /* Results.swift */,
				9A36D15B201E6F4A0002E0E7 /* Settings.swift */,
			);
			path = ViewController;
			sourceTree = "<group>";
		};
		9A6D5ADB20042E3800617AE6 /* Controller */ = {
			isa = PBXGroup;
			children = (
				9A6537D320100C7D002C68F2 /* ViewController */,
			);
			path = Controller;
			sourceTree = "<group>";
		};
		9A6D5AE0200437CA00617AE6 /* View */ = {
			isa = PBXGroup;
			children = (
				9A37E0B42001B63B0079287F /* Main.storyboard */,
				9A37E0B92001B63B0079287F /* LaunchScreen.storyboard */,
			);
			path = View;
			sourceTree = "<group>";
		};
		9A6D5AE1200437D300617AE6 /* Model */ = {
			isa = PBXGroup;
			children = (
				9A3EC8EB201FF1CC00D4ED19 /* Player.swift */,
			);
			path = Model;
			sourceTree = "<group>";
		};
		9A6D5AE2200437EC00617AE6 /* Supporting Files */ = {
			isa = PBXGroup;
			children = (
				9A37E0B72001B63B0079287F /* Assets.xcassets */,
			);
			path = "Supporting Files";
			sourceTree = "<group>";
		};
/* End PBXGroup section */

/* Begin PBXNativeTarget section */
		9A37E0AC2001B63B0079287F /* ShakeShakeApp */ = {
			isa = PBXNativeTarget;
			buildConfigurationList = 9A37E0BF2001B63C0079287F /* Build configuration list for PBXNativeTarget "ShakeShakeApp" */;
			buildPhases = (
				077D4D8F9FC703FCFB8D50FF /* [CP] Check Pods Manifest.lock */,
				9A37E0A92001B63B0079287F /* Sources */,
				9A37E0AA2001B63B0079287F /* Frameworks */,
				9A37E0AB2001B63B0079287F /* Resources */,
				12C7C97773B4184A14652EC4 /* [CP] Embed Pods Frameworks */,
				7BAE0A3D81C33FDF39E2BC55 /* [CP] Copy Pods Resources */,
			);
			buildRules = (
			);
			dependencies = (
			);
			name = ShakeShakeApp;
			productName = ShakeShakeApp;
			productReference = 9A37E0AD2001B63B0079287F /* ShakeShakeApp.app */;
			productType = "com.apple.product-type.application";
		};
/* End PBXNativeTarget section */

/* Begin PBXProject section */
		9A37E0A52001B63B0079287F /* Project object */ = {
			isa = PBXProject;
			attributes = {
				LastSwiftUpdateCheck = 0920;
				LastUpgradeCheck = 0920;
				ORGANIZATIONNAME = GeorgeT;
				TargetAttributes = {
					9A37E0AC2001B63B0079287F = {
						CreatedOnToolsVersion = 9.2;
						ProvisioningStyle = Automatic;
					};
				};
			};
			buildConfigurationList = 9A37E0A82001B63B0079287F /* Build configuration list for PBXProject "ShakeShakeApp" */;
			compatibilityVersion = "Xcode 8.0";
			developmentRegion = en;
			hasScannedForEncodings = 0;
			knownRegions = (
				en,
				Base,
			);
			mainGroup = 9A37E0A42001B63B0079287F;
			productRefGroup = 9A37E0AE2001B63B0079287F /* Products */;
			projectDirPath = "";
			projectRoot = "";
			targets = (
				9A37E0AC2001B63B0079287F /* ShakeShakeApp */,
			);
		};
/* End PBXProject section */

/* Begin PBXResourcesBuildPhase section */
		9A37E0AB2001B63B0079287F /* Resources */ = {
			isa = PBXResourcesBuildPhase;
			buildActionMask = 2147483647;
			files = (
				9A37E0BB2001B63B0079287F /* LaunchScreen.storyboard in Resources */,
				9AF3A3CD200D74F3001A03B9 /* GoogleService-Info.plist in Resources */,
				9A37E0B82001B63B0079287F /* Assets.xcassets in Resources */,
				9A37E0B62001B63B0079287F /* Main.storyboard in Resources */,
			);
			runOnlyForDeploymentPostprocessing = 0;
		};
/* End PBXResourcesBuildPhase section */

/* Begin PBXShellScriptBuildPhase section */
		077D4D8F9FC703FCFB8D50FF /* [CP] Check Pods Manifest.lock */ = {
			isa = PBXShellScriptBuildPhase;
			buildActionMask = 2147483647;
			files = (
			);
			inputPaths = (
				"${PODS_PODFILE_DIR_PATH}/Podfile.lock",
				"${PODS_ROOT}/Manifest.lock",
			);
			name = "[CP] Check Pods Manifest.lock";
			outputPaths = (
				"$(DERIVED_FILE_DIR)/Pods-ShakeShakeApp-checkManifestLockResult.txt",
			);
			runOnlyForDeploymentPostprocessing = 0;
			shellPath = /bin/sh;
			shellScript = "diff \"${PODS_PODFILE_DIR_PATH}/Podfile.lock\" \"${PODS_ROOT}/Manifest.lock\" > /dev/null\nif [ $? != 0 ] ; then\n    # print error to STDERR\n    echo \"error: The sandbox is not in sync with the Podfile.lock. Run 'pod install' or update your CocoaPods installation.\" >&2\n    exit 1\nfi\n# This output is used by Xcode 'outputs' to avoid re-running this script phase.\necho \"SUCCESS\" > \"${SCRIPT_OUTPUT_FILE_0}\"\n";
			showEnvVarsInLog = 0;
		};
		12C7C97773B4184A14652EC4 /* [CP] Embed Pods Frameworks */ = {
			isa = PBXShellScriptBuildPhase;
			buildActionMask = 2147483647;
			files = (
			);
			inputPaths = (
				"${SRCROOT}/Pods/Target Support Files/Pods-ShakeShakeApp/Pods-ShakeShakeApp-frameworks.sh",
				"${BUILT_PRODUCTS_DIR}/GTMSessionFetcher/GTMSessionFetcher.framework",
				"${BUILT_PRODUCTS_DIR}/GoogleToolboxForMac/GoogleToolboxForMac.framework",
				"${BUILT_PRODUCTS_DIR}/leveldb-library/leveldb.framework",
				"${BUILT_PRODUCTS_DIR}/nanopb/nanopb.framework",
			);
			name = "[CP] Embed Pods Frameworks";
			outputPaths = (
				"${TARGET_BUILD_DIR}/${FRAMEWORKS_FOLDER_PATH}/GTMSessionFetcher.framework",
				"${TARGET_BUILD_DIR}/${FRAMEWORKS_FOLDER_PATH}/GoogleToolboxForMac.framework",
				"${TARGET_BUILD_DIR}/${FRAMEWORKS_FOLDER_PATH}/leveldb.framework",
				"${TARGET_BUILD_DIR}/${FRAMEWORKS_FOLDER_PATH}/nanopb.framework",
			);
			runOnlyForDeploymentPostprocessing = 0;
			shellPath = /bin/sh;
			shellScript = "\"${SRCROOT}/Pods/Target Support Files/Pods-ShakeShakeApp/Pods-ShakeShakeApp-frameworks.sh\"\n";
			showEnvVarsInLog = 0;
		};
		7BAE0A3D81C33FDF39E2BC55 /* [CP] Copy Pods Resources */ = {
			isa = PBXShellScriptBuildPhase;
			buildActionMask = 2147483647;
			files = (
			);
			inputPaths = (
			);
			name = "[CP] Copy Pods Resources";
			outputPaths = (
			);
			runOnlyForDeploymentPostprocessing = 0;
			shellPath = /bin/sh;
			shellScript = "\"${SRCROOT}/Pods/Target Support Files/Pods-ShakeShakeApp/Pods-ShakeShakeApp-resources.sh\"\n";
			showEnvVarsInLog = 0;
		};
/* End PBXShellScriptBuildPhase section */

/* Begin PBXSourcesBuildPhase section */
		9A37E0A92001B63B0079287F /* Sources */ = {
			isa = PBXSourcesBuildPhase;
			buildActionMask = 2147483647;
			files = (
				9A3EC8EC201FF1CC00D4ED19 /* Player.swift in Sources */,
				9A36D15C201E6F4A0002E0E7 /* Settings.swift in Sources */,
				9A6537D12010032E002C68F2 /* GameScreen.swift in Sources */,
				9A37E0B12001B63B0079287F /* AppDelegate.swift in Sources */,
				9A6D5AE420043B2600617AE6 /* RegisterNewPlayer.swift in Sources */,
				9AF3A3CF200D8419001A03B9 /* MainMenu.swift in Sources */,
				9A2C0CA32017FBB900E45DF4 /* Results.swift in Sources */,
			);
			runOnlyForDeploymentPostprocessing = 0;
		};
/* End PBXSourcesBuildPhase section */

/* Begin PBXVariantGroup section */
		9A37E0B42001B63B0079287F /* Main.storyboard */ = {
			isa = PBXVariantGroup;
			children = (
				9A37E0B52001B63B0079287F /* Base */,
			);
			name = Main.storyboard;
			sourceTree = "<group>";
		};
		9A37E0B92001B63B0079287F /* LaunchScreen.storyboard */ = {
			isa = PBXVariantGroup;
			children = (
				9A37E0BA2001B63B0079287F /* Base */,
			);
			name = LaunchScreen.storyboard;
			sourceTree = "<group>";
		};
/* End PBXVariantGroup section */

/* Begin XCBuildConfiguration section */
		9A37E0BD2001B63C0079287F /* Debug */ = {
			isa = XCBuildConfiguration;
			buildSettings = {
				ALWAYS_SEARCH_USER_PATHS = NO;
				CLANG_ANALYZER_NONNULL = YES;
				CLANG_ANALYZER_NUMBER_OBJECT_CONVERSION = YES_AGGRESSIVE;
				CLANG_CXX_LANGUAGE_STANDARD = "gnu++14";
				CLANG_CXX_LIBRARY = "libc++";
				CLANG_ENABLE_MODULES = YES;
				CLANG_ENABLE_OBJC_ARC = YES;
				CLANG_WARN_BLOCK_CAPTURE_AUTORELEASING = YES;
				CLANG_WARN_BOOL_CONVERSION = YES;
				CLANG_WARN_COMMA = YES;
				CLANG_WARN_CONSTANT_CONVERSION = YES;
				CLANG_WARN_DIRECT_OBJC_ISA_USAGE = YES_ERROR;
				CLANG_WARN_DOCUMENTATION_COMMENTS = YES;
				CLANG_WARN_EMPTY_BODY = YES;
				CLANG_WARN_ENUM_CONVERSION = YES;
				CLANG_WARN_INFINITE_RECURSION = YES;
				CLANG_WARN_INT_CONVERSION = YES;
				CLANG_WARN_NON_LITERAL_NULL_CONVERSION = YES;
				CLANG_WARN_OBJC_LITERAL_CONVERSION = YES;
				CLANG_WARN_OBJC_ROOT_CLASS = YES_ERROR;
				CLANG_WARN_RANGE_LOOP_ANALYSIS = YES;
				CLANG_WARN_STRICT_PROTOTYPES = YES;
				CLANG_WARN_SUSPICIOUS_MOVE = YES;
				CLANG_WARN_UNGUARDED_AVAILABILITY = YES_AGGRESSIVE;
				CLANG_WARN_UNREACHABLE_CODE = YES;
				CLANG_WARN__DUPLICATE_METHOD_MATCH = YES;
				CODE_SIGN_IDENTITY = "iPhone Developer";
				COPY_PHASE_STRIP = NO;
				DEBUG_INFORMATION_FORMAT = dwarf;
				ENABLE_STRICT_OBJC_MSGSEND = YES;
				ENABLE_TESTABILITY = YES;
				GCC_C_LANGUAGE_STANDARD = gnu11;
				GCC_DYNAMIC_NO_PIC = NO;
				GCC_NO_COMMON_BLOCKS = YES;
				GCC_OPTIMIZATION_LEVEL = 0;
				GCC_PREPROCESSOR_DEFINITIONS = (
					"DEBUG=1",
					"$(inherited)",
				);
				GCC_WARN_64_TO_32_BIT_CONVERSION = YES;
				GCC_WARN_ABOUT_RETURN_TYPE = YES_ERROR;
				GCC_WARN_UNDECLARED_SELECTOR = YES;
				GCC_WARN_UNINITIALIZED_AUTOS = YES_AGGRESSIVE;
				GCC_WARN_UNUSED_FUNCTION = YES;
				GCC_WARN_UNUSED_VARIABLE = YES;
				IPHONEOS_DEPLOYMENT_TARGET = 11.2;
				MTL_ENABLE_DEBUG_INFO = YES;
				ONLY_ACTIVE_ARCH = YES;
				SDKROOT = iphoneos;
				SWIFT_ACTIVE_COMPILATION_CONDITIONS = DEBUG;
				SWIFT_OPTIMIZATION_LEVEL = "-Onone";
			};
			name = Debug;
		};
		9A37E0BE2001B63C0079287F /* Release */ = {
			isa = XCBuildConfiguration;
			buildSettings = {
				ALWAYS_SEARCH_USER_PATHS = NO;
				CLANG_ANALYZER_NONNULL = YES;
				CLANG_ANALYZER_NUMBER_OBJECT_CONVERSION = YES_AGGRESSIVE;
				CLANG_CXX_LANGUAGE_STANDARD = "gnu++14";
				CLANG_CXX_LIBRARY = "libc++";
				CLANG_ENABLE_MODULES = YES;
				CLANG_ENABLE_OBJC_ARC = YES;
				CLANG_WARN_BLOCK_CAPTURE_AUTORELEASING = YES;
				CLANG_WARN_BOOL_CONVERSION = YES;
				CLANG_WARN_COMMA = YES;
				CLANG_WARN_CONSTANT_CONVERSION = YES;
				CLANG_WARN_DIRECT_OBJC_ISA_USAGE = YES_ERROR;
				CLANG_WARN_DOCUMENTATION_COMMENTS = YES;
				CLANG_WARN_EMPTY_BODY = YES;
				CLANG_WARN_ENUM_CONVERSION = YES;
				CLANG_WARN_INFINITE_RECURSION = YES;
				CLANG_WARN_INT_CONVERSION = YES;
				CLANG_WARN_NON_LITERAL_NULL_CONVERSION = YES;
				CLANG_WARN_OBJC_LITERAL_CONVERSION = YES;
				CLANG_WARN_OBJC_ROOT_CLASS = YES_ERROR;
				CLANG_WARN_RANGE_LOOP_ANALYSIS = YES;
				CLANG_WARN_STRICT_PROTOTYPES = YES;
				CLANG_WARN_SUSPICIOUS_MOVE = YES;
				CLANG_WARN_UNGUARDED_AVAILABILITY = YES_AGGRESSIVE;
				CLANG_WARN_UNREACHABLE_CODE = YES;
				CLANG_WARN__DUPLICATE_METHOD_MATCH = YES;
				CODE_SIGN_IDENTITY = "iPhone Developer";
				COPY_PHASE_STRIP = NO;
				DEBUG_INFORMATION_FORMAT = "dwarf-with-dsym";
				ENABLE_NS_ASSERTIONS = NO;
				ENABLE_STRICT_OBJC_MSGSEND = YES;
				GCC_C_LANGUAGE_STANDARD = gnu11;
				GCC_NO_COMMON_BLOCKS = YES;
				GCC_WARN_64_TO_32_BIT_CONVERSION = YES;
				GCC_WARN_ABOUT_RETURN_TYPE = YES_ERROR;
				GCC_WARN_UNDECLARED_SELECTOR = YES;
				GCC_WARN_UNINITIALIZED_AUTOS = YES_AGGRESSIVE;
				GCC_WARN_UNUSED_FUNCTION = YES;
				GCC_WARN_UNUSED_VARIABLE = YES;
				IPHONEOS_DEPLOYMENT_TARGET = 11.2;
				MTL_ENABLE_DEBUG_INFO = NO;
				SDKROOT = iphoneos;
				SWIFT_OPTIMIZATION_LEVEL = "-Owholemodule";
				VALIDATE_PRODUCT = YES;
			};
			name = Release;
		};
		9A37E0C02001B63C0079287F /* Debug */ = {
			isa = XCBuildConfiguration;
			baseConfigurationReference = 6C7715463A2B780889421BA2 /* Pods-ShakeShakeApp.debug.xcconfig */;
			buildSettings = {
				ASSETCATALOG_COMPILER_APPICON_NAME = AppIcon;
				CODE_SIGN_STYLE = Automatic;
				DEVELOPMENT_TEAM = 99PKZ3MUM7;
				INFOPLIST_FILE = ShakeShakeApp/Info.plist;
				LD_RUNPATH_SEARCH_PATHS = "$(inherited) @executable_path/Frameworks";
				PRODUCT_BUNDLE_IDENTIFIER = com.SomeDesign.ShakeShakeApp;
				PRODUCT_NAME = "$(TARGET_NAME)";
				SWIFT_VERSION = 4.0;
				TARGETED_DEVICE_FAMILY = "1,2";
			};
			name = Debug;
		};
		9A37E0C12001B63C0079287F /* Release */ = {
			isa = XCBuildConfiguration;
			baseConfigurationReference = DD07DFEFA4E1CFDD4B886CF8 /* Pods-ShakeShakeApp.release.xcconfig */;
			buildSettings = {
				ASSETCATALOG_COMPILER_APPICON_NAME = AppIcon;
				CODE_SIGN_STYLE = Automatic;
				DEVELOPMENT_TEAM = 99PKZ3MUM7;
				INFOPLIST_FILE = ShakeShakeApp/Info.plist;
				LD_RUNPATH_SEARCH_PATHS = "$(inherited) @executable_path/Frameworks";
				PRODUCT_BUNDLE_IDENTIFIER = com.SomeDesign.ShakeShakeApp;
				PRODUCT_NAME = "$(TARGET_NAME)";
				SWIFT_VERSION = 4.0;
				TARGETED_DEVICE_FAMILY = "1,2";
			};
			name = Release;
		};
/* End XCBuildConfiguration section */

/* Begin XCConfigurationList section */
		9A37E0A82001B63B0079287F /* Build configuration list for PBXProject "ShakeShakeApp" */ = {
			isa = XCConfigurationList;
			buildConfigurations = (
				9A37E0BD2001B63C0079287F /* Debug */,
				9A37E0BE2001B63C0079287F /* Release */,
			);
			defaultConfigurationIsVisible = 0;
			defaultConfigurationName = Release;
		};
		9A37E0BF2001B63C0079287F /* Build configuration list for PBXNativeTarget "ShakeShakeApp" */ = {
			isa = XCConfigurationList;
			buildConfigurations = (
				9A37E0C02001B63C0079287F /* Debug */,
				9A37E0C12001B63C0079287F /* Release */,
			);
			defaultConfigurationIsVisible = 0;
			defaultConfigurationName = Release;
		};
/* End XCConfigurationList section */
	};
	rootObject = 9A37E0A52001B63B0079287F /* Project object */;
}
